
Microsoft Visual Studio Solution File, Format Version 12.00
# Visual Studio Version 17
VisualStudioVersion = 17.4.33213.308
MinimumVisualStudioVersion = 10.0.40219.1
Project("{FAE04EC0-301F-11D3-BF4B-00C04F79EFBC}") = "LoopPracticeWeek5", "LoopPracticeWeek5\LoopPracticeWeek5.csproj", "{C0269EA8-5CB7-4433-BE50-4E70483D50CF}"
EndProject
Global
	GlobalSection(SolutionConfigurationPlatforms) = preSolution
		Debug|Any CPU = Debug|Any CPU
		Release|Any CPU = Release|Any CPU
	EndGlobalSection
	GlobalSection(ProjectConfigurationPlatforms) = postSolution
		{C0269EA8-5CB7-4433-BE50-4E70483D50CF}.Debug|Any CPU.ActiveCfg = Debug|Any CPU
		{C0269EA8-5CB7-4433-BE50-4E70483D50CF}.Debug|Any CPU.Build.0 = Debug|Any CPU
		{C0269EA8-5CB7-4433-BE50-4E70483D50CF}.Release|Any CPU.ActiveCfg = Release|Any CPU
		{C0269EA8-5CB7-4433-BE50-4E70483D50CF}.Release|Any CPU.Build.0 = Release|Any CPU
	EndGlobalSection
	GlobalSection(SolutionProperties) = preSolution
		HideSolutionNode = FALSE
	EndGlobalSection
	GlobalSection(ExtensibilityGlobals) = postSolution
		SolutionGuid = {73283ADC-6090-456F-8C28-37099F49416B}
	EndGlobalSection
EndGlobal
